
Microsoft Visual Studio Solution File, Format Version 12.00
# Visual Studio Version 17
VisualStudioVersion = 17.8.34330.188
MinimumVisualStudioVersion = 10.0.40219.1
Project("{FAE04EC0-301F-11D3-BF4B-00C04F79EFBC}") = "miniWms", "miniWms\miniWms\miniWms.csproj", "{30C79D8A-AE5D-4D6D-A11E-02B561E13812}"
EndProject
Project("{FAE04EC0-301F-11D3-BF4B-00C04F79EFBC}") = "miniWms.Client", "miniWms\miniWms.Client\miniWms.Client.csproj", "{D32FDB8D-2755-4F83-BFC8-DDB0A2838420}"
EndProject
Global
	GlobalSection(SolutionConfigurationPlatforms) = preSolution
		Debug|Any CPU = Debug|Any CPU
		Release|Any CPU = Release|Any CPU
	EndGlobalSection
	GlobalSection(ProjectConfigurationPlatforms) = postSolution
		{30C79D8A-AE5D-4D6D-A11E-02B561E13812}.Debug|Any CPU.ActiveCfg = Debug|Any CPU
		{30C79D8A-AE5D-4D6D-A11E-02B561E13812}.Debug|Any CPU.Build.0 = Debug|Any CPU
		{30C79D8A-AE5D-4D6D-A11E-02B561E13812}.Release|Any CPU.ActiveCfg = Release|Any CPU
		{30C79D8A-AE5D-4D6D-A11E-02B561E13812}.Release|Any CPU.Build.0 = Release|Any CPU
		{D32FDB8D-2755-4F83-BFC8-DDB0A2838420}.Debug|Any CPU.ActiveCfg = Debug|Any CPU
		{D32FDB8D-2755-4F83-BFC8-DDB0A2838420}.Debug|Any CPU.Build.0 = Debug|Any CPU
		{D32FDB8D-2755-4F83-BFC8-DDB0A2838420}.Release|Any CPU.ActiveCfg = Release|Any CPU
		{D32FDB8D-2755-4F83-BFC8-DDB0A2838420}.Release|Any CPU.Build.0 = Release|Any CPU
	EndGlobalSection
	GlobalSection(SolutionProperties) = preSolution
		HideSolutionNode = FALSE
	EndGlobalSection
	GlobalSection(ExtensibilityGlobals) = postSolution
		SolutionGuid = {40523D38-B65E-46C2-9D24-BB48DFA3616A}
	EndGlobalSection
EndGlobal
